// !$*UTF8*$!
{
	archiveVersion = 1;
	classes = {
	};
	objectVersion = 46;
	objects = {

/* Begin PBXBuildFile section */
		801CEAB71C4229E700CDB3A5 /* AppDelegate.swift in Sources */ = {isa = PBXBuildFile; fileRef = 801CEAB61C4229E700CDB3A5 /* AppDelegate.swift */; };
		801CEAB91C4229E700CDB3A5 /* ScanningViewController.swift in Sources */ = {isa = PBXBuildFile; fileRef = 801CEAB81C4229E700CDB3A5 /* ScanningViewController.swift */; };
		801CEABB1C4229E700CDB3A5 /* AccountViewController.swift in Sources */ = {isa = PBXBuildFile; fileRef = 801CEABA1C4229E700CDB3A5 /* AccountViewController.swift */; };
		801CEABE1C4229E700CDB3A5 /* Main.storyboard in Resources */ = {isa = PBXBuildFile; fileRef = 801CEABC1C4229E700CDB3A5 /* Main.storyboard */; };
		801CEAC01C4229E700CDB3A5 /* Assets.xcassets in Resources */ = {isa = PBXBuildFile; fileRef = 801CEABF1C4229E700CDB3A5 /* Assets.xcassets */; };
		801CEAC31C4229E700CDB3A5 /* LaunchScreen.storyboard in Resources */ = {isa = PBXBuildFile; fileRef = 801CEAC11C4229E700CDB3A5 /* LaunchScreen.storyboard */; };
		801CEACE1C4229E700CDB3A5 /* ScanageTests.swift in Sources */ = {isa = PBXBuildFile; fileRef = 801CEACD1C4229E700CDB3A5 /* ScanageTests.swift */; };
		801CEAD91C4229E700CDB3A5 /* ScanageUITests.swift in Sources */ = {isa = PBXBuildFile; fileRef = 801CEAD81C4229E700CDB3A5 /* ScanageUITests.swift */; };
		801CEAE71C423B4300CDB3A5 /* NewMessageViewController.swift in Sources */ = {isa = PBXBuildFile; fileRef = 801CEAE61C423B4300CDB3A5 /* NewMessageViewController.swift */; };
/* End PBXBuildFile section */

/* Begin PBXContainerItemProxy section */
		801CEACA1C4229E700CDB3A5 /* PBXContainerItemProxy */ = {
			isa = PBXContainerItemProxy;
			containerPortal = 801CEAAB1C4229E700CDB3A5 /* Project object */;
			proxyType = 1;
			remoteGlobalIDString = 801CEAB21C4229E700CDB3A5;
			remoteInfo = Scanage;
		};
		801CEAD51C4229E700CDB3A5 /* PBXContainerItemProxy */ = {
			isa = PBXContainerItemProxy;
			containerPortal = 801CEAAB1C4229E700CDB3A5 /* Project object */;
			proxyType = 1;
			remoteGlobalIDString = 801CEAB21C4229E700CDB3A5;
			remoteInfo = Scanage;
		};
/* End PBXContainerItemProxy section */

/* Begin PBXFileReference section */
		801CEAB31C4229E700CDB3A5 /* Scanage.app */ = {isa = PBXFileReference; explicitFileType = wrapper.application; includeInIndex = 0; path = Scanage.app; sourceTree = BUILT_PRODUCTS_DIR; };
		801CEAB61C4229E700CDB3A5 /* AppDelegate.swift */ = {isa = PBXFileReference; lastKnownFileType = sourcecode.swift; path = AppDelegate.swift; sourceTree = "<group>"; };
		801CEAB81C4229E700CDB3A5 /* ScanningViewController.swift */ = {isa = PBXFileReference; lastKnownFileType = sourcecode.swift; path = ScanningViewController.swift; sourceTree = "<group>"; };
		801CEABA1C4229E700CDB3A5 /* AccountViewController.swift */ = {isa = PBXFileReference; lastKnownFileType = sourcecode.swift; path = AccountViewController.swift; sourceTree = "<group>"; };
		801CEABD1C4229E700CDB3A5 /* Base */ = {isa = PBXFileReference; lastKnownFileType = file.storyboard; name = Base; path = Base.lproj/Main.storyboard; sourceTree = "<group>"; };
		801CEABF1C4229E700CDB3A5 /* Assets.xcassets */ = {isa = PBXFileReference; lastKnownFileType = folder.assetcatalog; path = Assets.xcassets; sourceTree = "<group>"; };
		801CEAC21C4229E700CDB3A5 /* Base */ = {isa = PBXFileReference; lastKnownFileType = file.storyboard; name = Base; path = Base.lproj/LaunchScreen.storyboard; sourceTree = "<group>"; };
		801CEAC41C4229E700CDB3A5 /* Info.plist */ = {isa = PBXFileReference; lastKnownFileType = text.plist.xml; path = Info.plist; sourceTree = "<group>"; };
		801CEAC91C4229E700CDB3A5 /* ScanageTests.xctest */ = {isa = PBXFileReference; explicitFileType = wrapper.cfbundle; includeInIndex = 0; path = ScanageTests.xctest; sourceTree = BUILT_PRODUCTS_DIR; };
		801CEACD1C4229E700CDB3A5 /* ScanageTests.swift */ = {isa = PBXFileReference; lastKnownFileType = sourcecode.swift; path = ScanageTests.swift; sourceTree = "<group>"; };
		801CEACF1C4229E700CDB3A5 /* Info.plist */ = {isa = PBXFileReference; lastKnownFileType = text.plist.xml; path = Info.plist; sourceTree = "<group>"; };
		801CEAD41C4229E700CDB3A5 /* ScanageUITests.xctest */ = {isa = PBXFileReference; explicitFileType = wrapper.cfbundle; includeInIndex = 0; path = ScanageUITests.xctest; sourceTree = BUILT_PRODUCTS_DIR; };
		801CEAD81C4229E700CDB3A5 /* ScanageUITests.swift */ = {isa = PBXFileReference; lastKnownFileType = sourcecode.swift; path = ScanageUITests.swift; sourceTree = "<group>"; };
		801CEADA1C4229E700CDB3A5 /* Info.plist */ = {isa = PBXFileReference; lastKnownFileType = text.plist.xml; path = Info.plist; sourceTree = "<group>"; };
		801CEAE61C423B4300CDB3A5 /* NewMessageViewController.swift */ = {isa = PBXFileReference; fileEncoding = 4; lastKnownFileType = sourcecode.swift; path = NewMessageViewController.swift; sourceTree = "<group>"; };
/* End PBXFileReference section */

/* Begin PBXFrameworksBuildPhase section */
		801CEAB01C4229E700CDB3A5 /* Frameworks */ = {
			isa = PBXFrameworksBuildPhase;
			buildActionMask = 2147483647;
			files = (
			);
			runOnlyForDeploymentPostprocessing = 0;
		};
		801CEAC61C4229E700CDB3A5 /* Frameworks */ = {
			isa = PBXFrameworksBuildPhase;
			buildActionMask = 2147483647;
			files = (
			);
			runOnlyForDeploymentPostprocessing = 0;
		};
		801CEAD11C4229E700CDB3A5 /* Frameworks */ = {
			isa = PBXFrameworksBuildPhase;
			buildActionMask = 2147483647;
			files = (
			);
			runOnlyForDeploymentPostprocessing = 0;
		};
/* End PBXFrameworksBuildPhase section */

/* Begin PBXGroup section */
		801CEAAA1C4229E700CDB3A5 = {
			isa = PBXGroup;
			children = (
				801CEAB51C4229E700CDB3A5 /* Scanage */,
				801CEACC1C4229E700CDB3A5 /* ScanageTests */,
				801CEAD71C4229E700CDB3A5 /* ScanageUITests */,
				801CEAB41C4229E700CDB3A5 /* Products */,
			);
			sourceTree = "<group>";
		};
		801CEAB41C4229E700CDB3A5 /* Products */ = {
			isa = PBXGroup;
			children = (
				801CEAB31C4229E700CDB3A5 /* Scanage.app */,
				801CEAC91C4229E700CDB3A5 /* ScanageTests.xctest */,
				801CEAD41C4229E700CDB3A5 /* ScanageUITests.xctest */,
			);
			name = Products;
			sourceTree = "<group>";
		};
		801CEAB51C4229E700CDB3A5 /* Scanage */ = {
			isa = PBXGroup;
			children = (
				801CEAE81C423B6500CDB3A5 /* ViewControllers */,
				801CEAB61C4229E700CDB3A5 /* AppDelegate.swift */,
				801CEABC1C4229E700CDB3A5 /* Main.storyboard */,
				801CEABF1C4229E700CDB3A5 /* Assets.xcassets */,
				801CEAC11C4229E700CDB3A5 /* LaunchScreen.storyboard */,
				801CEAC41C4229E700CDB3A5 /* Info.plist */,
			);
			path = Scanage;
			sourceTree = "<group>";
		};
		801CEACC1C4229E700CDB3A5 /* ScanageTests */ = {
			isa = PBXGroup;
			children = (
				801CEACD1C4229E700CDB3A5 /* ScanageTests.swift */,
				801CEACF1C4229E700CDB3A5 /* Info.plist */,
			);
			path = ScanageTests;
			sourceTree = "<group>";
		};
		801CEAD71C4229E700CDB3A5 /* ScanageUITests */ = {
			isa = PBXGroup;
			children = (
				801CEAD81C4229E700CDB3A5 /* ScanageUITests.swift */,
				801CEADA1C4229E700CDB3A5 /* Info.plist */,
			);
			path = ScanageUITests;
			sourceTree = "<group>";
		};
		801CEAE81C423B6500CDB3A5 /* ViewControllers */ = {
			isa = PBXGroup;
			children = (
				801CEAE61C423B4300CDB3A5 /* NewMessageViewController.swift */,
				801CEAB81C4229E700CDB3A5 /* ScanningViewController.swift */,
				801CEABA1C4229E700CDB3A5 /* AccountViewController.swift */,
			);
			name = ViewControllers;
			sourceTree = "<group>";
		};
/* End PBXGroup section */

/* Begin PBXNativeTarget section */
		801CEAB21C4229E700CDB3A5 /* Scanage */ = {
			isa = PBXNativeTarget;
			buildConfigurationList = 801CEADD1C4229E700CDB3A5 /* Build configuration list for PBXNativeTarget "Scanage" */;
			buildPhases = (
				801CEAAF1C4229E700CDB3A5 /* Sources */,
				801CEAB01C4229E700CDB3A5 /* Frameworks */,
				801CEAB11C4229E700CDB3A5 /* Resources */,
			);
			buildRules = (
			);
			dependencies = (
			);
			name = Scanage;
			productName = Scanage;
			productReference = 801CEAB31C4229E700CDB3A5 /* Scanage.app */;
			productType = "com.apple.product-type.application";
		};
		801CEAC81C4229E700CDB3A5 /* ScanageTests */ = {
			isa = PBXNativeTarget;
			buildConfigurationList = 801CEAE01C4229E700CDB3A5 /* Build configuration list for PBXNativeTarget "ScanageTests" */;
			buildPhases = (
				801CEAC51C4229E700CDB3A5 /* Sources */,
				801CEAC61C4229E700CDB3A5 /* Frameworks */,
				801CEAC71C4229E700CDB3A5 /* Resources */,
			);
			buildRules = (
			);
			dependencies = (
				801CEACB1C4229E700CDB3A5 /* PBXTargetDependency */,
			);
			name = ScanageTests;
			productName = ScanageTests;
			productReference = 801CEAC91C4229E700CDB3A5 /* ScanageTests.xctest */;
			productType = "com.apple.product-type.bundle.unit-test";
		};
		801CEAD31C4229E700CDB3A5 /* ScanageUITests */ = {
			isa = PBXNativeTarget;
			buildConfigurationList = 801CEAE31C4229E700CDB3A5 /* Build configuration list for PBXNativeTarget "ScanageUITests" */;
			buildPhases = (
				801CEAD01C4229E700CDB3A5 /* Sources */,
				801CEAD11C4229E700CDB3A5 /* Frameworks */,
				801CEAD21C4229E700CDB3A5 /* Resources */,
			);
			buildRules = (
			);
			dependencies = (
				801CEAD61C4229E700CDB3A5 /* PBXTargetDependency */,
			);
			name = ScanageUITests;
			productName = ScanageUITests;
			productReference = 801CEAD41C4229E700CDB3A5 /* ScanageUITests.xctest */;
			productType = "com.apple.product-type.bundle.ui-testing";
		};
/* End PBXNativeTarget section */

/* Begin PBXProject section */
		801CEAAB1C4229E700CDB3A5 /* Project object */ = {
			isa = PBXProject;
			attributes = {
				LastSwiftUpdateCheck = 0720;
				LastUpgradeCheck = 0720;
				ORGANIZATIONNAME = Tianyi;
				TargetAttributes = {
					801CEAB21C4229E700CDB3A5 = {
						CreatedOnToolsVersion = 7.2;
					};
					801CEAC81C4229E700CDB3A5 = {
						CreatedOnToolsVersion = 7.2;
						TestTargetID = 801CEAB21C4229E700CDB3A5;
					};
					801CEAD31C4229E700CDB3A5 = {
						CreatedOnToolsVersion = 7.2;
						TestTargetID = 801CEAB21C4229E700CDB3A5;
					};
				};
			};
			buildConfigurationList = 801CEAAE1C4229E700CDB3A5 /* Build configuration list for PBXProject "Scanage" */;
			compatibilityVersion = "Xcode 3.2";
			developmentRegion = English;
			hasScannedForEncodings = 0;
			knownRegions = (
				en,
				Base,
			);
			mainGroup = 801CEAAA1C4229E700CDB3A5;
			productRefGroup = 801CEAB41C4229E700CDB3A5 /* Products */;
			projectDirPath = "";
			projectRoot = "";
			targets = (
				801CEAB21C4229E700CDB3A5 /* Scanage */,
				801CEAC81C4229E700CDB3A5 /* ScanageTests */,
				801CEAD31C4229E700CDB3A5 /* ScanageUITests */,
			);
		};
/* End PBXProject section */

/* Begin PBXResourcesBuildPhase section */
		801CEAB11C4229E700CDB3A5 /* Resources */ = {
			isa = PBXResourcesBuildPhase;
			buildActionMask = 2147483647;
			files = (
				801CEAC31C4229E700CDB3A5 /* LaunchScreen.storyboard in Resources */,
				801CEAC01C4229E700CDB3A5 /* Assets.xcassets in Resources */,
				801CEABE1C4229E700CDB3A5 /* Main.storyboard in Resources */,
			);
			runOnlyForDeploymentPostprocessing = 0;
		};
		801CEAC71C4229E700CDB3A5 /* Resources */ = {
			isa = PBXResourcesBuildPhase;
			buildActionMask = 2147483647;
			files = (
			);
			runOnlyForDeploymentPostprocessing = 0;
		};
		801CEAD21C4229E700CDB3A5 /* Resources */ = {
			isa = PBXResourcesBuildPhase;
			buildActionMask = 2147483647;
			files = (
			);
			runOnlyForDeploymentPostprocessing = 0;
		};
/* End PBXResourcesBuildPhase section */

/* Begin PBXSourcesBuildPhase section */
		801CEAAF1C4229E700CDB3A5 /* Sources */ = {
			isa = PBXSourcesBuildPhase;
			buildActionMask = 2147483647;
			files = (
				801CEABB1C4229E700CDB3A5 /* AccountViewController.swift in Sources */,
				801CEAB71C4229E700CDB3A5 /* AppDelegate.swift in Sources */,
				801CEAB91C4229E700CDB3A5 /* ScanningViewController.swift in Sources */,
				801CEAE71C423B4300CDB3A5 /* NewMessageViewController.swift in Sources */,
			);
			runOnlyForDeploymentPostprocessing = 0;
		};
		801CEAC51C4229E700CDB3A5 /* Sources */ = {
			isa = PBXSourcesBuildPhase;
			buildActionMask = 2147483647;
			files = (
				801CEACE1C4229E700CDB3A5 /* ScanageTests.swift in Sources */,
			);
			runOnlyForDeploymentPostprocessing = 0;
		};
		801CEAD01C4229E700CDB3A5 /* Sources */ = {
			isa = PBXSourcesBuildPhase;
			buildActionMask = 2147483647;
			files = (
				801CEAD91C4229E700CDB3A5 /* ScanageUITests.swift in Sources */,
			);
			runOnlyForDeploymentPostprocessing = 0;
		};
/* End PBXSourcesBuildPhase section */

/* Begin PBXTargetDependency section */
		801CEACB1C4229E700CDB3A5 /* PBXTargetDependency */ = {
			isa = PBXTargetDependency;
			target = 801CEAB21C4229E700CDB3A5 /* Scanage */;
			targetProxy = 801CEACA1C4229E700CDB3A5 /* PBXContainerItemProxy */;
		};
		801CEAD61C4229E700CDB3A5 /* PBXTargetDependency */ = {
			isa = PBXTargetDependency;
			target = 801CEAB21C4229E700CDB3A5 /* Scanage */;
			targetProxy = 801CEAD51C4229E700CDB3A5 /* PBXContainerItemProxy */;
		};
/* End PBXTargetDependency section */

/* Begin PBXVariantGroup section */
		801CEABC1C4229E700CDB3A5 /* Main.storyboard */ = {
			isa = PBXVariantGroup;
			children = (
				801CEABD1C4229E700CDB3A5 /* Base */,
			);
			name = Main.storyboard;
			sourceTree = "<group>";
		};
		801CEAC11C4229E700CDB3A5 /* LaunchScreen.storyboard */ = {
			isa = PBXVariantGroup;
			children = (
				801CEAC21C4229E700CDB3A5 /* Base */,
			);
			name = LaunchScreen.storyboard;
			sourceTree = "<group>";
		};
/* End PBXVariantGroup section */

/* Begin XCBuildConfiguration section */
		801CEADB1C4229E700CDB3A5 /* Debug */ = {
			isa = XCBuildConfiguration;
			buildSettings = {
				ALWAYS_SEARCH_USER_PATHS = NO;
				CLANG_CXX_LANGUAGE_STANDARD = "gnu++0x";
				CLANG_CXX_LIBRARY = "libc++";
				CLANG_ENABLE_MODULES = YES;
				CLANG_ENABLE_OBJC_ARC = YES;
				CLANG_WARN_BOOL_CONVERSION = YES;
				CLANG_WARN_CONSTANT_CONVERSION = YES;
				CLANG_WARN_DIRECT_OBJC_ISA_USAGE = YES_ERROR;
				CLANG_WARN_EMPTY_BODY = YES;
				CLANG_WARN_ENUM_CONVERSION = YES;
				CLANG_WARN_INT_CONVERSION = YES;
				CLANG_WARN_OBJC_ROOT_CLASS = YES_ERROR;
				CLANG_WARN_UNREACHABLE_CODE = YES;
				CLANG_WARN__DUPLICATE_METHOD_MATCH = YES;
				"CODE_SIGN_IDENTITY[sdk=iphoneos*]" = "iPhone Developer";
				COPY_PHASE_STRIP = NO;
				DEBUG_INFORMATION_FORMAT = dwarf;
				ENABLE_STRICT_OBJC_MSGSEND = YES;
				ENABLE_TESTABILITY = YES;
				GCC_C_LANGUAGE_STANDARD = gnu99;
				GCC_DYNAMIC_NO_PIC = NO;
				GCC_NO_COMMON_BLOCKS = YES;
				GCC_OPTIMIZATION_LEVEL = 0;
				GCC_PREPROCESSOR_DEFINITIONS = (
					"DEBUG=1",
					"$(inherited)",
				);
				GCC_WARN_64_TO_32_BIT_CONVERSION = YES;
				GCC_WARN_ABOUT_RETURN_TYPE = YES_ERROR;
				GCC_WARN_UNDECLARED_SELECTOR = YES;
				GCC_WARN_UNINITIALIZED_AUTOS = YES_AGGRESSIVE;
				GCC_WARN_UNUSED_FUNCTION = YES;
				GCC_WARN_UNUSED_VARIABLE = YES;
				IPHONEOS_DEPLOYMENT_TARGET = 9.2;
				MTL_ENABLE_DEBUG_INFO = YES;
				ONLY_ACTIVE_ARCH = YES;
				SDKROOT = iphoneos;
				SWIFT_OPTIMIZATION_LEVEL = "-Onone";
				TARGETED_DEVICE_FAMILY = "1,2";
			};
			name = Debug;
		};
		801CEADC1C4229E700CDB3A5 /* Release */ = {
			isa = XCBuildConfiguration;
			buildSettings = {
				ALWAYS_SEARCH_USER_PATHS = NO;
				CLANG_CXX_LANGUAGE_STANDARD = "gnu++0x";
				CLANG_CXX_LIBRARY = "libc++";
				CLANG_ENABLE_MODULES = YES;
				CLANG_ENABLE_OBJC_ARC = YES;
				CLANG_WARN_BOOL_CONVERSION = YES;
				CLANG_WARN_CONSTANT_CONVERSION = YES;
				CLANG_WARN_DIRECT_OBJC_ISA_USAGE = YES_ERROR;
				CLANG_WARN_EMPTY_BODY = YES;
				CLANG_WARN_ENUM_CONVERSION = YES;
				CLANG_WARN_INT_CONVERSION = YES;
				CLANG_WARN_OBJC_ROOT_CLASS = YES_ERROR;
				CLANG_WARN_UNREACHABLE_CODE = YES;
				CLANG_WARN__DUPLICATE_METHOD_MATCH = YES;
				"CODE_SIGN_IDENTITY[sdk=iphoneos*]" = "iPhone Developer";
				COPY_PHASE_STRIP = NO;
				DEBUG_INFORMATION_FORMAT = "dwarf-with-dsym";
				ENABLE_NS_ASSERTIONS = NO;
				ENABLE_STRICT_OBJC_MSGSEND = YES;
				GCC_C_LANGUAGE_STANDARD = gnu99;
				GCC_NO_COMMON_BLOCKS = YES;
				GCC_WARN_64_TO_32_BIT_CONVERSION = YES;
				GCC_WARN_ABOUT_RETURN_TYPE = YES_ERROR;
				GCC_WARN_UNDECLARED_SELECTOR = YES;
				GCC_WARN_UNINITIALIZED_AUTOS = YES_AGGRESSIVE;
				GCC_WARN_UNUSED_FUNCTION = YES;
				GCC_WARN_UNUSED_VARIABLE = YES;
				IPHONEOS_DEPLOYMENT_TARGET = 9.2;
				MTL_ENABLE_DEBUG_INFO = NO;
				SDKROOT = iphoneos;
				TARGETED_DEVICE_FAMILY = "1,2";
				VALIDATE_PRODUCT = YES;
			};
			name = Release;
		};
		801CEADE1C4229E700CDB3A5 /* Debug */ = {
			isa = XCBuildConfiguration;
			buildSettings = {
				ASSETCATALOG_COMPILER_APPICON_NAME = AppIcon;
				INFOPLIST_FILE = Scanage/Info.plist;
				LD_RUNPATH_SEARCH_PATHS = "$(inherited) @executable_path/Frameworks";
				PRODUCT_BUNDLE_IDENTIFIER = com.tianyi.Scanage;
				PRODUCT_NAME = "$(TARGET_NAME)";
			};
			name = Debug;
		};
		801CEADF1C4229E700CDB3A5 /* Release */ = {
			isa = XCBuildConfiguration;
			buildSettings = {
				ASSETCATALOG_COMPILER_APPICON_NAME = AppIcon;
				INFOPLIST_FILE = Scanage/Info.plist;
				LD_RUNPATH_SEARCH_PATHS = "$(inherited) @executable_path/Frameworks";
				PRODUCT_BUNDLE_IDENTIFIER = com.tianyi.Scanage;
				PRODUCT_NAME = "$(TARGET_NAME)";
			};
			name = Release;
		};
		801CEAE11C4229E700CDB3A5 /* Debug */ = {
			isa = XCBuildConfiguration;
			buildSettings = {
				BUNDLE_LOADER = "$(TEST_HOST)";
				INFOPLIST_FILE = ScanageTests/Info.plist;
				LD_RUNPATH_SEARCH_PATHS = "$(inherited) @executable_path/Frameworks @loader_path/Frameworks";
				PRODUCT_BUNDLE_IDENTIFIER = com.tianyi.ScanageTests;
				PRODUCT_NAME = "$(TARGET_NAME)";
				TEST_HOST = "$(BUILT_PRODUCTS_DIR)/Scanage.app/Scanage";
			};
			name = Debug;
		};
		801CEAE21C4229E700CDB3A5 /* Release */ = {
			isa = XCBuildConfiguration;
			buildSettings = {
				BUNDLE_LOADER = "$(TEST_HOST)";
				INFOPLIST_FILE = ScanageTests/Info.plist;
				LD_RUNPATH_SEARCH_PATHS = "$(inherited) @executable_path/Frameworks @loader_path/Frameworks";
				PRODUCT_BUNDLE_IDENTIFIER = com.tianyi.ScanageTests;
				PRODUCT_NAME = "$(TARGET_NAME)";
				TEST_HOST = "$(BUILT_PRODUCTS_DIR)/Scanage.app/Scanage";
			};
			name = Release;
		};
		801CEAE41C4229E700CDB3A5 /* Debug */ = {
			isa = XCBuildConfiguration;
			buildSettings = {
				INFOPLIST_FILE = ScanageUITests/Info.plist;
				LD_RUNPATH_SEARCH_PATHS = "$(inherited) @executable_path/Frameworks @loader_path/Frameworks";
				PRODUCT_BUNDLE_IDENTIFIER = com.tianyi.ScanageUITests;
				PRODUCT_NAME = "$(TARGET_NAME)";
				TEST_TARGET_NAME = Scanage;
				USES_XCTRUNNER = YES;
			};
			name = Debug;
		};
		801CEAE51C4229E700CDB3A5 /* Release */ = {
			isa = XCBuildConfiguration;
			buildSettings = {
				INFOPLIST_FILE = ScanageUITests/Info.plist;
				LD_RUNPATH_SEARCH_PATHS = "$(inherited) @executable_path/Frameworks @loader_path/Frameworks";
				PRODUCT_BUNDLE_IDENTIFIER = com.tianyi.ScanageUITests;
				PRODUCT_NAME = "$(TARGET_NAME)";
				TEST_TARGET_NAME = Scanage;
				USES_XCTRUNNER = YES;
			};
			name = Release;
		};
/* End XCBuildConfiguration section */

/* Begin XCConfigurationList section */
		801CEAAE1C4229E700CDB3A5 /* Build configuration list for PBXProject "Scanage" */ = {
			isa = XCConfigurationList;
			buildConfigurations = (
				801CEADB1C4229E700CDB3A5 /* Debug */,
				801CEADC1C4229E700CDB3A5 /* Release */,
			);
			defaultConfigurationIsVisible = 0;
			defaultConfigurationName = Release;
		};
		801CEADD1C4229E700CDB3A5 /* Build configuration list for PBXNativeTarget "Scanage" */ = {
			isa = XCConfigurationList;
			buildConfigurations = (
				801CEADE1C4229E700CDB3A5 /* Debug */,
				801CEADF1C4229E700CDB3A5 /* Release */,
			);
			defaultConfigurationIsVisible = 0;
		};
		801CEAE01C4229E700CDB3A5 /* Build configuration list for PBXNativeTarget "ScanageTests" */ = {
			isa = XCConfigurationList;
			buildConfigurations = (
				801CEAE11C4229E700CDB3A5 /* Debug */,
				801CEAE21C4229E700CDB3A5 /* Release */,
			);
			defaultConfigurationIsVisible = 0;
		};
		801CEAE31C4229E700CDB3A5 /* Build configuration list for PBXNativeTarget "ScanageUITests" */ = {
			isa = XCConfigurationList;
			buildConfigurations = (
				801CEAE41C4229E700CDB3A5 /* Debug */,
				801CEAE51C4229E700CDB3A5 /* Release */,
			);
			defaultConfigurationIsVisible = 0;
		};
/* End XCConfigurationList section */
	};
	rootObject = 801CEAAB1C4229E700CDB3A5 /* Project object */;
}
